
Microsoft Visual Studio Solution File, Format Version 12.00
# Visual Studio Version 17
VisualStudioVersion = 17.0.32014.148
MinimumVisualStudioVersion = 10.0.40219.1
Project("{FAE04EC0-301F-11D3-BF4B-00C04F79EFBC}") = "CreateTask", "CreateTask\CreateTask.csproj", "{1274AB25-8165-4E0C-ABA2-1A95424E3DEE}"
EndProject
Global
	GlobalSection(SolutionConfigurationPlatforms) = preSolution
		Debug|Any CPU = Debug|Any CPU
		Release|Any CPU = Release|Any CPU
	EndGlobalSection
	GlobalSection(ProjectConfigurationPlatforms) = postSolution
		{1274AB25-8165-4E0C-ABA2-1A95424E3DEE}.Debug|Any CPU.ActiveCfg = Debug|Any CPU
		{1274AB25-8165-4E0C-ABA2-1A95424E3DEE}.Debug|Any CPU.Build.0 = Debug|Any CPU
		{1274AB25-8165-4E0C-ABA2-1A95424E3DEE}.Release|Any CPU.ActiveCfg = Release|Any CPU
		{1274AB25-8165-4E0C-ABA2-1A95424E3DEE}.Release|Any CPU.Build.0 = Release|Any CPU
	EndGlobalSection
	GlobalSection(SolutionProperties) = preSolution
		HideSolutionNode = FALSE
	EndGlobalSection
	GlobalSection(ExtensibilityGlobals) = postSolution
		SolutionGuid = {0F0DC0CD-4891-4BEF-B40B-863BBBD68558}
	EndGlobalSection
EndGlobal
